
Microsoft Visual Studio Solution File, Format Version 12.00
# Visual Studio Version 16
VisualStudioVersion = 16.0.30804.86
MinimumVisualStudioVersion = 10.0.40219.1
Project("{FAE04EC0-301F-11D3-BF4B-00C04F79EFBC}") = "Proyecto", "Proyecto\Proyecto.csproj", "{70E2A070-5720-402F-A15E-DAAF180F8C41}"
EndProject
Global
	GlobalSection(SolutionConfigurationPlatforms) = preSolution
		Debug|Any CPU = Debug|Any CPU
		Release|Any CPU = Release|Any CPU
	EndGlobalSection
	GlobalSection(ProjectConfigurationPlatforms) = postSolution
		{70E2A070-5720-402F-A15E-DAAF180F8C41}.Debug|Any CPU.ActiveCfg = Debug|Any CPU
		{70E2A070-5720-402F-A15E-DAAF180F8C41}.Debug|Any CPU.Build.0 = Debug|Any CPU
		{70E2A070-5720-402F-A15E-DAAF180F8C41}.Release|Any CPU.ActiveCfg = Release|Any CPU
		{70E2A070-5720-402F-A15E-DAAF180F8C41}.Release|Any CPU.Build.0 = Release|Any CPU
	EndGlobalSection
	GlobalSection(SolutionProperties) = preSolution
		HideSolutionNode = FALSE
	EndGlobalSection
	GlobalSection(ExtensibilityGlobals) = postSolution
		SolutionGuid = {673E5254-AA01-469A-83D8-7AE7A5C0E971}
	EndGlobalSection
EndGlobal
